# Copyright 2022 Google LLC
#
# Licensed under the Apache License, Version 2.0 (the "License");
# you may not use this file except in compliance with the License.
# You may obtain a copy of the License at
#
#      http://www.apache.org/licenses/LICENSE-2.0
#
# Unless required by applicable law or agreed to in writing, software
# distributed under the License is distributed on an "AS IS" BASIS,
# WITHOUT WARRANTIES OR CONDITIONS OF ANY KIND, either express or implied.
# See the License for the specific language governing permissions and
# limitations under the License.
docker:
  image: gcr.io/cloud-devrel-public-resources/owlbot-nodejs-mono-repo:latest
  digest: sha256:9973a91addc2511a3a0c6713a600d3b71dd7fb18ddfbb37cb58278f9d8794897
# created: 2022-08-26T22:34:37.636701447Z
